
Microsoft Visual Studio Solution File, Format Version 12.00
# Visual Studio Version 16
VisualStudioVersion = 16.0.31702.278
MinimumVisualStudioVersion = 10.0.40219.1
Project("{FAE04EC0-301F-11D3-BF4B-00C04F79EFBC}") = "VehicleClasses", "VehicleClasses\VehicleClasses.csproj", "{3B61EFBB-514D-42FB-B348-23D798C6CE45}"
EndProject
Project("{FAE04EC0-301F-11D3-BF4B-00C04F79EFBC}") = "VehicleProgram", "VehicleProgram\VehicleProgram.csproj", "{75B7C083-7C6E-4D8E-89B3-FBC00499CD89}"
EndProject
Project("{FAE04EC0-301F-11D3-BF4B-00C04F79EFBC}") = "Parser", "Parser\Parser.csproj", "{11AFB757-A5EF-4EDE-9165-354428CA53ED}"
EndProject
Project("{FAE04EC0-301F-11D3-BF4B-00C04F79EFBC}") = "SaveLoadFile", "SaveLoadFile\SaveLoadFile.csproj", "{B3278043-07A0-41FD-A8B7-E803D50B55A7}"
EndProject
Global
	GlobalSection(SolutionConfigurationPlatforms) = preSolution
		Debug|Any CPU = Debug|Any CPU
		Release|Any CPU = Release|Any CPU
	EndGlobalSection
	GlobalSection(ProjectConfigurationPlatforms) = postSolution
		{3B61EFBB-514D-42FB-B348-23D798C6CE45}.Debug|Any CPU.ActiveCfg = Debug|Any CPU
		{3B61EFBB-514D-42FB-B348-23D798C6CE45}.Debug|Any CPU.Build.0 = Debug|Any CPU
		{3B61EFBB-514D-42FB-B348-23D798C6CE45}.Release|Any CPU.ActiveCfg = Release|Any CPU
		{3B61EFBB-514D-42FB-B348-23D798C6CE45}.Release|Any CPU.Build.0 = Release|Any CPU
		{75B7C083-7C6E-4D8E-89B3-FBC00499CD89}.Debug|Any CPU.ActiveCfg = Debug|Any CPU
		{75B7C083-7C6E-4D8E-89B3-FBC00499CD89}.Debug|Any CPU.Build.0 = Debug|Any CPU
		{75B7C083-7C6E-4D8E-89B3-FBC00499CD89}.Release|Any CPU.ActiveCfg = Release|Any CPU
		{75B7C083-7C6E-4D8E-89B3-FBC00499CD89}.Release|Any CPU.Build.0 = Release|Any CPU
		{11AFB757-A5EF-4EDE-9165-354428CA53ED}.Debug|Any CPU.ActiveCfg = Debug|Any CPU
		{11AFB757-A5EF-4EDE-9165-354428CA53ED}.Debug|Any CPU.Build.0 = Debug|Any CPU
		{11AFB757-A5EF-4EDE-9165-354428CA53ED}.Release|Any CPU.ActiveCfg = Release|Any CPU
		{11AFB757-A5EF-4EDE-9165-354428CA53ED}.Release|Any CPU.Build.0 = Release|Any CPU
		{B3278043-07A0-41FD-A8B7-E803D50B55A7}.Debug|Any CPU.ActiveCfg = Debug|Any CPU
		{B3278043-07A0-41FD-A8B7-E803D50B55A7}.Debug|Any CPU.Build.0 = Debug|Any CPU
		{B3278043-07A0-41FD-A8B7-E803D50B55A7}.Release|Any CPU.ActiveCfg = Release|Any CPU
		{B3278043-07A0-41FD-A8B7-E803D50B55A7}.Release|Any CPU.Build.0 = Release|Any CPU
	EndGlobalSection
	GlobalSection(SolutionProperties) = preSolution
		HideSolutionNode = FALSE
	EndGlobalSection
	GlobalSection(ExtensibilityGlobals) = postSolution
		SolutionGuid = {19AD4AB5-D6D1-4295-9B78-D0F433B79ED1}
	EndGlobalSection
EndGlobal
